
Microsoft Visual Studio Solution File, Format Version 12.00
# Visual Studio Version 17
VisualStudioVersion = 17.5.33502.453
MinimumVisualStudioVersion = 10.0.40219.1
Project("{8BC9CEB8-8B4A-11D0-8D11-00A0C91BC942}") = "exercisealgo", "exercisealgo\exercisealgo.vcxproj", "{8B46D29A-E202-4CE3-8738-45FB9D92DBDA}"
EndProject
Global
	GlobalSection(SolutionConfigurationPlatforms) = preSolution
		Debug|x64 = Debug|x64
		Debug|x86 = Debug|x86
		Release|x64 = Release|x64
		Release|x86 = Release|x86
	EndGlobalSection
	GlobalSection(ProjectConfigurationPlatforms) = postSolution
		{8B46D29A-E202-4CE3-8738-45FB9D92DBDA}.Debug|x64.ActiveCfg = Debug|x64
		{8B46D29A-E202-4CE3-8738-45FB9D92DBDA}.Debug|x64.Build.0 = Debug|x64
		{8B46D29A-E202-4CE3-8738-45FB9D92DBDA}.Debug|x86.ActiveCfg = Debug|Win32
		{8B46D29A-E202-4CE3-8738-45FB9D92DBDA}.Debug|x86.Build.0 = Debug|Win32
		{8B46D29A-E202-4CE3-8738-45FB9D92DBDA}.Release|x64.ActiveCfg = Release|x64
		{8B46D29A-E202-4CE3-8738-45FB9D92DBDA}.Release|x64.Build.0 = Release|x64
		{8B46D29A-E202-4CE3-8738-45FB9D92DBDA}.Release|x86.ActiveCfg = Release|Win32
		{8B46D29A-E202-4CE3-8738-45FB9D92DBDA}.Release|x86.Build.0 = Release|Win32
	EndGlobalSection
	GlobalSection(SolutionProperties) = preSolution
		HideSolutionNode = FALSE
	EndGlobalSection
	GlobalSection(ExtensibilityGlobals) = postSolution
		SolutionGuid = {390CD22D-E2AD-4202-B0F7-504F23E0FC1B}
	EndGlobalSection
EndGlobal
